// !$*UTF8*$!
{
	archiveVersion = 1;
	classes = {
	};
	objectVersion = 77;
	objects = {

/* Begin PBXBuildFile section */
		187868BC2ECE430B004717DC /* README.md in Sources */ = {isa = PBXBuildFile; fileRef = 187868BB2ECE4301004717DC /* README.md */; };
/* End PBXBuildFile section */

/* Begin PBXContainerItemProxy section */
		187868742ECE3E68004717DC /* PBXContainerItemProxy */ = {
			isa = PBXContainerItemProxy;
			containerPortal = 1878685C2ECE3E66004717DC /* Project object */;
			proxyType = 1;
			remoteGlobalIDString = 187868632ECE3E66004717DC;
			remoteInfo = "project-posture";
		};
		1878687E2ECE3E68004717DC /* PBXContainerItemProxy */ = {
			isa = PBXContainerItemProxy;
			containerPortal = 1878685C2ECE3E66004717DC /* Project object */;
			proxyType = 1;
			remoteGlobalIDString = 187868632ECE3E66004717DC;
			remoteInfo = "project-posture";
		};
/* End PBXContainerItemProxy section */

/* Begin PBXFileReference section */
		187868642ECE3E67004717DC /* project-posture.app */ = {isa = PBXFileReference; explicitFileType = wrapper.application; includeInIndex = 0; path = "project-posture.app"; sourceTree = BUILT_PRODUCTS_DIR; };
		187868732ECE3E68004717DC /* project-postureTests.xctest */ = {isa = PBXFileReference; explicitFileType = wrapper.cfbundle; includeInIndex = 0; path = "project-postureTests.xctest"; sourceTree = BUILT_PRODUCTS_DIR; };
		1878687D2ECE3E68004717DC /* project-postureUITests.xctest */ = {isa = PBXFileReference; explicitFileType = wrapper.cfbundle; includeInIndex = 0; path = "project-postureUITests.xctest"; sourceTree = BUILT_PRODUCTS_DIR; };
		187868AC2ECE423F004717DC /* .gitignore */ = {isa = PBXFileReference; lastKnownFileType = text; path = .gitignore; sourceTree = "<group>"; };
		187868BB2ECE4301004717DC /* README.md */ = {isa = PBXFileReference; lastKnownFileType = sourcecode.swift; path = README.md; sourceTree = "<group>"; };
/* End PBXFileReference section */

/* Begin PBXFileSystemSynchronizedRootGroup section */
		187868662ECE3E67004717DC /* project-posture */ = {
			isa = PBXFileSystemSynchronizedRootGroup;
			path = "project-posture";
			sourceTree = "<group>";
		};
		187868762ECE3E68004717DC /* project-postureTests */ = {
			isa = PBXFileSystemSynchronizedRootGroup;
			path = "project-postureTests";
			sourceTree = "<group>";
		};
		187868802ECE3E68004717DC /* project-postureUITests */ = {
			isa = PBXFileSystemSynchronizedRootGroup;
			path = "project-postureUITests";
			sourceTree = "<group>";
		};
		187868BD2ECE432B004717DC /* .rhm */ = {
			isa = PBXFileSystemSynchronizedRootGroup;
			path = .rhm;
			sourceTree = "<group>";
		};
/* End PBXFileSystemSynchronizedRootGroup section */

/* Begin PBXFrameworksBuildPhase section */
		187868612ECE3E66004717DC /* Frameworks */ = {
			isa = PBXFrameworksBuildPhase;
			buildActionMask = 2147483647;
			files = (
			);
			runOnlyForDeploymentPostprocessing = 0;
		};
		187868702ECE3E68004717DC /* Frameworks */ = {
			isa = PBXFrameworksBuildPhase;
			buildActionMask = 2147483647;
			files = (
			);
			runOnlyForDeploymentPostprocessing = 0;
		};
		1878687A2ECE3E68004717DC /* Frameworks */ = {
			isa = PBXFrameworksBuildPhase;
			buildActionMask = 2147483647;
			files = (
			);
			runOnlyForDeploymentPostprocessing = 0;
		};
/* End PBXFrameworksBuildPhase section */

/* Begin PBXGroup section */
		1878685B2ECE3E66004717DC = {
			isa = PBXGroup;
			children = (
				187868BD2ECE432B004717DC /* .rhm */,
				187868BB2ECE4301004717DC /* README.md */,
				187868AC2ECE423F004717DC /* .gitignore */,
				187868662ECE3E67004717DC /* project-posture */,
				187868762ECE3E68004717DC /* project-postureTests */,
				187868802ECE3E68004717DC /* project-postureUITests */,
				187868652ECE3E67004717DC /* Products */,
			);
			sourceTree = "<group>";
		};
		187868652ECE3E67004717DC /* Products */ = {
			isa = PBXGroup;
			children = (
				187868642ECE3E67004717DC /* project-posture.app */,
				187868732ECE3E68004717DC /* project-postureTests.xctest */,
				1878687D2ECE3E68004717DC /* project-postureUITests.xctest */,
			);
			name = Products;
			sourceTree = "<group>";
		};
/* End PBXGroup section */

/* Begin PBXNativeTarget section */
		187868632ECE3E66004717DC /* project-posture */ = {
			isa = PBXNativeTarget;
			buildConfigurationList = 187868872ECE3E68004717DC /* Build configuration list for PBXNativeTarget "project-posture" */;
			buildPhases = (
				187868602ECE3E66004717DC /* Sources */,
				187868612ECE3E66004717DC /* Frameworks */,
				187868622ECE3E66004717DC /* Resources */,
			);
			buildRules = (
			);
			dependencies = (
			);
			fileSystemSynchronizedGroups = (
				187868662ECE3E67004717DC /* project-posture */,
				187868BD2ECE432B004717DC /* .rhm */,
			);
			name = "project-posture";
			packageProductDependencies = (
			);
			productName = "project-posture";
			productReference = 187868642ECE3E67004717DC /* project-posture.app */;
			productType = "com.apple.product-type.application";
		};
		187868722ECE3E68004717DC /* project-postureTests */ = {
			isa = PBXNativeTarget;
			buildConfigurationList = 1878688A2ECE3E68004717DC /* Build configuration list for PBXNativeTarget "project-postureTests" */;
			buildPhases = (
				1878686F2ECE3E68004717DC /* Sources */,
				187868702ECE3E68004717DC /* Frameworks */,
				187868712ECE3E68004717DC /* Resources */,
			);
			buildRules = (
			);
			dependencies = (
				187868752ECE3E68004717DC /* PBXTargetDependency */,
			);
			fileSystemSynchronizedGroups = (
				187868762ECE3E68004717DC /* project-postureTests */,
			);
			name = "project-postureTests";
			packageProductDependencies = (
			);
			productName = "project-postureTests";
			productReference = 187868732ECE3E68004717DC /* project-postureTests.xctest */;
			productType = "com.apple.product-type.bundle.unit-test";
		};
		1878687C2ECE3E68004717DC /* project-postureUITests */ = {
			isa = PBXNativeTarget;
			buildConfigurationList = 1878688D2ECE3E68004717DC /* Build configuration list for PBXNativeTarget "project-postureUITests" */;
			buildPhases = (
				187868792ECE3E68004717DC /* Sources */,
				1878687A2ECE3E68004717DC /* Frameworks */,
				1878687B2ECE3E68004717DC /* Resources */,
			);
			buildRules = (
			);
			dependencies = (
				1878687F2ECE3E68004717DC /* PBXTargetDependency */,
			);
			fileSystemSynchronizedGroups = (
				187868802ECE3E68004717DC /* project-postureUITests */,
			);
			name = "project-postureUITests";
			packageProductDependencies = (
			);
			productName = "project-postureUITests";
			productReference = 1878687D2ECE3E68004717DC /* project-postureUITests.xctest */;
			productType = "com.apple.product-type.bundle.ui-testing";
		};
/* End PBXNativeTarget section */

/* Begin PBXProject section */
		1878685C2ECE3E66004717DC /* Project object */ = {
			isa = PBXProject;
			attributes = {
				BuildIndependentTargetsInParallel = 1;
				LastSwiftUpdateCheck = 2610;
				LastUpgradeCheck = 2610;
				TargetAttributes = {
					187868632ECE3E66004717DC = {
						CreatedOnToolsVersion = 26.1.1;
					};
					187868722ECE3E68004717DC = {
						CreatedOnToolsVersion = 26.1.1;
						TestTargetID = 187868632ECE3E66004717DC;
					};
					1878687C2ECE3E68004717DC = {
						CreatedOnToolsVersion = 26.1.1;
						TestTargetID = 187868632ECE3E66004717DC;
					};
				};
			};
			buildConfigurationList = 1878685F2ECE3E66004717DC /* Build configuration list for PBXProject "project-posture" */;
			developmentRegion = en;
			hasScannedForEncodings = 0;
			knownRegions = (
				en,
				Base,
			);
			mainGroup = 1878685B2ECE3E66004717DC;
			minimizedProjectReferenceProxies = 1;
			preferredProjectObjectVersion = 77;
			productRefGroup = 187868652ECE3E67004717DC /* Products */;
			projectDirPath = "";
			projectRoot = "";
			targets = (
				187868632ECE3E66004717DC /* project-posture */,
				187868722ECE3E68004717DC /* project-postureTests */,
				1878687C2ECE3E68004717DC /* project-postureUITests */,
			);
		};
/* End PBXProject section */

/* Begin PBXResourcesBuildPhase section */
		187868622ECE3E66004717DC /* Resources */ = {
			isa = PBXResourcesBuildPhase;
			buildActionMask = 2147483647;
			files = (
			);
			runOnlyForDeploymentPostprocessing = 0;
		};
		187868712ECE3E68004717DC /* Resources */ = {
			isa = PBXResourcesBuildPhase;
			buildActionMask = 2147483647;
			files = (
			);
			runOnlyForDeploymentPostprocessing = 0;
		};
		1878687B2ECE3E68004717DC /* Resources */ = {
			isa = PBXResourcesBuildPhase;
			buildActionMask = 2147483647;
			files = (
			);
			runOnlyForDeploymentPostprocessing = 0;
		};
/* End PBXResourcesBuildPhase section */

/* Begin PBXSourcesBuildPhase section */
		187868602ECE3E66004717DC /* Sources */ = {
			isa = PBXSourcesBuildPhase;
			buildActionMask = 2147483647;
			files = (
				187868BC2ECE430B004717DC /* README.md in Sources */,
			);
			runOnlyForDeploymentPostprocessing = 0;
		};
		1878686F2ECE3E68004717DC /* Sources */ = {
			isa = PBXSourcesBuildPhase;
			buildActionMask = 2147483647;
			files = (
			);
			runOnlyForDeploymentPostprocessing = 0;
		};
		187868792ECE3E68004717DC /* Sources */ = {
			isa = PBXSourcesBuildPhase;
			buildActionMask = 2147483647;
			files = (
			);
			runOnlyForDeploymentPostprocessing = 0;
		};
/* End PBXSourcesBuildPhase section */

/* Begin PBXTargetDependency section */
		187868752ECE3E68004717DC /* PBXTargetDependency */ = {
			isa = PBXTargetDependency;
			target = 187868632ECE3E66004717DC /* project-posture */;
			targetProxy = 187868742ECE3E68004717DC /* PBXContainerItemProxy */;
		};
		1878687F2ECE3E68004717DC /* PBXTargetDependency */ = {
			isa = PBXTargetDependency;
			target = 187868632ECE3E66004717DC /* project-posture */;
			targetProxy = 1878687E2ECE3E68004717DC /* PBXContainerItemProxy */;
		};
/* End PBXTargetDependency section */

/* Begin XCBuildConfiguration section */
		187868852ECE3E68004717DC /* Debug */ = {
			isa = XCBuildConfiguration;
			buildSettings = {
				ALWAYS_SEARCH_USER_PATHS = NO;
				ASSETCATALOG_COMPILER_GENERATE_SWIFT_ASSET_SYMBOL_EXTENSIONS = YES;
				CLANG_ANALYZER_NONNULL = YES;
				CLANG_ANALYZER_NUMBER_OBJECT_CONVERSION = YES_AGGRESSIVE;
				CLANG_CXX_LANGUAGE_STANDARD = "gnu++20";
				CLANG_ENABLE_MODULES = YES;
				CLANG_ENABLE_OBJC_ARC = YES;
				CLANG_ENABLE_OBJC_WEAK = YES;
				CLANG_WARN_BLOCK_CAPTURE_AUTORELEASING = YES;
				CLANG_WARN_BOOL_CONVERSION = YES;
				CLANG_WARN_COMMA = YES;
				CLANG_WARN_CONSTANT_CONVERSION = YES;
				CLANG_WARN_DEPRECATED_OBJC_IMPLEMENTATIONS = YES;
				CLANG_WARN_DIRECT_OBJC_ISA_USAGE = YES_ERROR;
				CLANG_WARN_DOCUMENTATION_COMMENTS = YES;
				CLANG_WARN_EMPTY_BODY = YES;
				CLANG_WARN_ENUM_CONVERSION = YES;
				CLANG_WARN_INFINITE_RECURSION = YES;
				CLANG_WARN_INT_CONVERSION = YES;
				CLANG_WARN_NON_LITERAL_NULL_CONVERSION = YES;
				CLANG_WARN_OBJC_IMPLICIT_RETAIN_SELF = YES;
				CLANG_WARN_OBJC_LITERAL_CONVERSION = YES;
				CLANG_WARN_OBJC_ROOT_CLASS = YES_ERROR;
				CLANG_WARN_QUOTED_INCLUDE_IN_FRAMEWORK_HEADER = YES;
				CLANG_WARN_RANGE_LOOP_ANALYSIS = YES;
				CLANG_WARN_STRICT_PROTOTYPES = YES;
				CLANG_WARN_SUSPICIOUS_MOVE = YES;
				CLANG_WARN_UNGUARDED_AVAILABILITY = YES_AGGRESSIVE;
				CLANG_WARN_UNREACHABLE_CODE = YES;
				CLANG_WARN__DUPLICATE_METHOD_MATCH = YES;
				COPY_PHASE_STRIP = NO;
				DEBUG_INFORMATION_FORMAT = dwarf;
				DEVELOPMENT_TEAM = 9QC2G3MS55;
				ENABLE_STRICT_OBJC_MSGSEND = YES;
				ENABLE_TESTABILITY = YES;
				ENABLE_USER_SCRIPT_SANDBOXING = YES;
				GCC_C_LANGUAGE_STANDARD = gnu17;
				GCC_DYNAMIC_NO_PIC = NO;
				GCC_NO_COMMON_BLOCKS = YES;
				GCC_OPTIMIZATION_LEVEL = 0;
				GCC_PREPROCESSOR_DEFINITIONS = (
					"DEBUG=1",
					"$(inherited)",
				);
				GCC_WARN_64_TO_32_BIT_CONVERSION = YES;
				GCC_WARN_ABOUT_RETURN_TYPE = YES_ERROR;
				GCC_WARN_UNDECLARED_SELECTOR = YES;
				GCC_WARN_UNINITIALIZED_AUTOS = YES_AGGRESSIVE;
				GCC_WARN_UNUSED_FUNCTION = YES;
				GCC_WARN_UNUSED_VARIABLE = YES;
				LOCALIZATION_PREFERS_STRING_CATALOGS = YES;
				MACOSX_DEPLOYMENT_TARGET = 26.0;
				MTL_ENABLE_DEBUG_INFO = INCLUDE_SOURCE;
				MTL_FAST_MATH = YES;
				ONLY_ACTIVE_ARCH = YES;
				SDKROOT = macosx;
				SWIFT_ACTIVE_COMPILATION_CONDITIONS = "DEBUG $(inherited)";
				SWIFT_OPTIMIZATION_LEVEL = "-Onone";
			};
			name = Debug;
		};
		187868862ECE3E68004717DC /* Release */ = {
			isa = XCBuildConfiguration;
			buildSettings = {
				ALWAYS_SEARCH_USER_PATHS = NO;
				ASSETCATALOG_COMPILER_GENERATE_SWIFT_ASSET_SYMBOL_EXTENSIONS = YES;
				CLANG_ANALYZER_NONNULL = YES;
				CLANG_ANALYZER_NUMBER_OBJECT_CONVERSION = YES_AGGRESSIVE;
				CLANG_CXX_LANGUAGE_STANDARD = "gnu++20";
				CLANG_ENABLE_MODULES = YES;
				CLANG_ENABLE_OBJC_ARC = YES;
				CLANG_ENABLE_OBJC_WEAK = YES;
				CLANG_WARN_BLOCK_CAPTURE_AUTORELEASING = YES;
				CLANG_WARN_BOOL_CONVERSION = YES;
				CLANG_WARN_COMMA = YES;
				CLANG_WARN_CONSTANT_CONVERSION = YES;
				CLANG_WARN_DEPRECATED_OBJC_IMPLEMENTATIONS = YES;
				CLANG_WARN_DIRECT_OBJC_ISA_USAGE = YES_ERROR;
				CLANG_WARN_DOCUMENTATION_COMMENTS = YES;
				CLANG_WARN_EMPTY_BODY = YES;
				CLANG_WARN_ENUM_CONVERSION = YES;
				CLANG_WARN_INFINITE_RECURSION = YES;
				CLANG_WARN_INT_CONVERSION = YES;
				CLANG_WARN_NON_LITERAL_NULL_CONVERSION = YES;
				CLANG_WARN_OBJC_IMPLICIT_RETAIN_SELF = YES;
				CLANG_WARN_OBJC_LITERAL_CONVERSION = YES;
				CLANG_WARN_OBJC_ROOT_CLASS = YES_ERROR;
				CLANG_WARN_QUOTED_INCLUDE_IN_FRAMEWORK_HEADER = YES;
				CLANG_WARN_RANGE_LOOP_ANALYSIS = YES;
				CLANG_WARN_STRICT_PROTOTYPES = YES;
				CLANG_WARN_SUSPICIOUS_MOVE = YES;
				CLANG_WARN_UNGUARDED_AVAILABILITY = YES_AGGRESSIVE;
				CLANG_WARN_UNREACHABLE_CODE = YES;
				CLANG_WARN__DUPLICATE_METHOD_MATCH = YES;
				COPY_PHASE_STRIP = NO;
				DEBUG_INFORMATION_FORMAT = "dwarf-with-dsym";
				DEVELOPMENT_TEAM = 9QC2G3MS55;
				ENABLE_NS_ASSERTIONS = NO;
				ENABLE_STRICT_OBJC_MSGSEND = YES;
				ENABLE_USER_SCRIPT_SANDBOXING = YES;
				GCC_C_LANGUAGE_STANDARD = gnu17;
				GCC_NO_COMMON_BLOCKS = YES;
				GCC_WARN_64_TO_32_BIT_CONVERSION = YES;
				GCC_WARN_ABOUT_RETURN_TYPE = YES_ERROR;
				GCC_WARN_UNDECLARED_SELECTOR = YES;
				GCC_WARN_UNINITIALIZED_AUTOS = YES_AGGRESSIVE;
				GCC_WARN_UNUSED_FUNCTION = YES;
				GCC_WARN_UNUSED_VARIABLE = YES;
				LOCALIZATION_PREFERS_STRING_CATALOGS = YES;
				MACOSX_DEPLOYMENT_TARGET = 26.0;
				MTL_ENABLE_DEBUG_INFO = NO;
				MTL_FAST_MATH = YES;
				SDKROOT = macosx;
				SWIFT_COMPILATION_MODE = wholemodule;
			};
			name = Release;
		};
		187868882ECE3E68004717DC /* Debug */ = {
			isa = XCBuildConfiguration;
			buildSettings = {
				ASSETCATALOG_COMPILER_APPICON_NAME = AppIcon;
				ASSETCATALOG_COMPILER_GLOBAL_ACCENT_COLOR_NAME = AccentColor;
				CODE_SIGN_STYLE = Automatic;
				COMBINE_HIDPI_IMAGES = YES;
				CURRENT_PROJECT_VERSION = 1;
				DEVELOPMENT_TEAM = 9QC2G3MS55;
				ENABLE_APP_SANDBOX = YES;
				ENABLE_HARDENED_RUNTIME = YES;
				ENABLE_PREVIEWS = YES;
				ENABLE_USER_SELECTED_FILES = readonly;
				GENERATE_INFOPLIST_FILE = YES;
				INFOPLIST_KEY_NSHumanReadableCopyright = "";
				LD_RUNPATH_SEARCH_PATHS = (
					"$(inherited)",
					"@executable_path/../Frameworks",
				);
				MARKETING_VERSION = 1.0;
				PRODUCT_BUNDLE_IDENTIFIER = "com.linus.project-posture";
				PRODUCT_NAME = "$(TARGET_NAME)";
				REGISTER_APP_GROUPS = YES;
				STRING_CATALOG_GENERATE_SYMBOLS = YES;
				SWIFT_APPROACHABLE_CONCURRENCY = YES;
				SWIFT_DEFAULT_ACTOR_ISOLATION = MainActor;
				SWIFT_EMIT_LOC_STRINGS = YES;
				SWIFT_UPCOMING_FEATURE_MEMBER_IMPORT_VISIBILITY = YES;
				SWIFT_VERSION = 5.0;
			};
			name = Debug;
		};
		187868892ECE3E68004717DC /* Release */ = {
			isa = XCBuildConfiguration;
			buildSettings = {
				ASSETCATALOG_COMPILER_APPICON_NAME = AppIcon;
				ASSETCATALOG_COMPILER_GLOBAL_ACCENT_COLOR_NAME = AccentColor;
				CODE_SIGN_STYLE = Automatic;
				COMBINE_HIDPI_IMAGES = YES;
				CURRENT_PROJECT_VERSION = 1;
				DEVELOPMENT_TEAM = 9QC2G3MS55;
				ENABLE_APP_SANDBOX = YES;
				ENABLE_HARDENED_RUNTIME = YES;
				ENABLE_PREVIEWS = YES;
				ENABLE_USER_SELECTED_FILES = readonly;
				GENERATE_INFOPLIST_FILE = YES;
				INFOPLIST_KEY_NSHumanReadableCopyright = "";
				LD_RUNPATH_SEARCH_PATHS = (
					"$(inherited)",
					"@executable_path/../Frameworks",
				);
				MARKETING_VERSION = 1.0;
				PRODUCT_BUNDLE_IDENTIFIER = "com.linus.project-posture";
				PRODUCT_NAME = "$(TARGET_NAME)";
				REGISTER_APP_GROUPS = YES;
				STRING_CATALOG_GENERATE_SYMBOLS = YES;
				SWIFT_APPROACHABLE_CONCURRENCY = YES;
				SWIFT_DEFAULT_ACTOR_ISOLATION = MainActor;
				SWIFT_EMIT_LOC_STRINGS = YES;
				SWIFT_UPCOMING_FEATURE_MEMBER_IMPORT_VISIBILITY = YES;
				SWIFT_VERSION = 5.0;
			};
			name = Release;
		};
		1878688B2ECE3E68004717DC /* Debug */ = {
			isa = XCBuildConfiguration;
			buildSettings = {
				BUNDLE_LOADER = "$(TEST_HOST)";
				CODE_SIGN_STYLE = Automatic;
				CURRENT_PROJECT_VERSION = 1;
				DEVELOPMENT_TEAM = 9QC2G3MS55;
				GENERATE_INFOPLIST_FILE = YES;
				MACOSX_DEPLOYMENT_TARGET = 26.0;
				MARKETING_VERSION = 1.0;
				PRODUCT_BUNDLE_IDENTIFIER = "com.linus.project-postureTests";
				PRODUCT_NAME = "$(TARGET_NAME)";
				STRING_CATALOG_GENERATE_SYMBOLS = NO;
				SWIFT_APPROACHABLE_CONCURRENCY = YES;
				SWIFT_EMIT_LOC_STRINGS = NO;
				SWIFT_UPCOMING_FEATURE_MEMBER_IMPORT_VISIBILITY = YES;
				SWIFT_VERSION = 5.0;
				TEST_HOST = "$(BUILT_PRODUCTS_DIR)/project-posture.app/$(BUNDLE_EXECUTABLE_FOLDER_PATH)/project-posture";
			};
			name = Debug;
		};
		1878688C2ECE3E68004717DC /* Release */ = {
			isa = XCBuildConfiguration;
			buildSettings = {
				BUNDLE_LOADER = "$(TEST_HOST)";
				CODE_SIGN_STYLE = Automatic;
				CURRENT_PROJECT_VERSION = 1;
				DEVELOPMENT_TEAM = 9QC2G3MS55;
				GENERATE_INFOPLIST_FILE = YES;
				MACOSX_DEPLOYMENT_TARGET = 26.0;
				MARKETING_VERSION = 1.0;
				PRODUCT_BUNDLE_IDENTIFIER = "com.linus.project-postureTests";
				PRODUCT_NAME = "$(TARGET_NAME)";
				STRING_CATALOG_GENERATE_SYMBOLS = NO;
				SWIFT_APPROACHABLE_CONCURRENCY = YES;
				SWIFT_EMIT_LOC_STRINGS = NO;
				SWIFT_UPCOMING_FEATURE_MEMBER_IMPORT_VISIBILITY = YES;
				SWIFT_VERSION = 5.0;
				TEST_HOST = "$(BUILT_PRODUCTS_DIR)/project-posture.app/$(BUNDLE_EXECUTABLE_FOLDER_PATH)/project-posture";
			};
			name = Release;
		};
		1878688E2ECE3E68004717DC /* Debug */ = {
			isa = XCBuildConfiguration;
			buildSettings = {
				CODE_SIGN_STYLE = Automatic;
				CURRENT_PROJECT_VERSION = 1;
				DEVELOPMENT_TEAM = 9QC2G3MS55;
				GENERATE_INFOPLIST_FILE = YES;
				MARKETING_VERSION = 1.0;
				PRODUCT_BUNDLE_IDENTIFIER = "com.linus.project-postureUITests";
				PRODUCT_NAME = "$(TARGET_NAME)";
				STRING_CATALOG_GENERATE_SYMBOLS = NO;
				SWIFT_APPROACHABLE_CONCURRENCY = YES;
				SWIFT_EMIT_LOC_STRINGS = NO;
				SWIFT_UPCOMING_FEATURE_MEMBER_IMPORT_VISIBILITY = YES;
				SWIFT_VERSION = 5.0;
				TEST_TARGET_NAME = "project-posture";
			};
			name = Debug;
		};
		1878688F2ECE3E68004717DC /* Release */ = {
			isa = XCBuildConfiguration;
			buildSettings = {
				CODE_SIGN_STYLE = Automatic;
				CURRENT_PROJECT_VERSION = 1;
				DEVELOPMENT_TEAM = 9QC2G3MS55;
				GENERATE_INFOPLIST_FILE = YES;
				MARKETING_VERSION = 1.0;
				PRODUCT_BUNDLE_IDENTIFIER = "com.linus.project-postureUITests";
				PRODUCT_NAME = "$(TARGET_NAME)";
				STRING_CATALOG_GENERATE_SYMBOLS = NO;
				SWIFT_APPROACHABLE_CONCURRENCY = YES;
				SWIFT_EMIT_LOC_STRINGS = NO;
				SWIFT_UPCOMING_FEATURE_MEMBER_IMPORT_VISIBILITY = YES;
				SWIFT_VERSION = 5.0;
				TEST_TARGET_NAME = "project-posture";
			};
			name = Release;
		};
/* End XCBuildConfiguration section */

/* Begin XCConfigurationList section */
		1878685F2ECE3E66004717DC /* Build configuration list for PBXProject "project-posture" */ = {
			isa = XCConfigurationList;
			buildConfigurations = (
				187868852ECE3E68004717DC /* Debug */,
				187868862ECE3E68004717DC /* Release */,
			);
			defaultConfigurationIsVisible = 0;
			defaultConfigurationName = Release;
		};
		187868872ECE3E68004717DC /* Build configuration list for PBXNativeTarget "project-posture" */ = {
			isa = XCConfigurationList;
			buildConfigurations = (
				187868882ECE3E68004717DC /* Debug */,
				187868892ECE3E68004717DC /* Release */,
			);
			defaultConfigurationIsVisible = 0;
			defaultConfigurationName = Release;
		};
		1878688A2ECE3E68004717DC /* Build configuration list for PBXNativeTarget "project-postureTests" */ = {
			isa = XCConfigurationList;
			buildConfigurations = (
				1878688B2ECE3E68004717DC /* Debug */,
				1878688C2ECE3E68004717DC /* Release */,
			);
			defaultConfigurationIsVisible = 0;
			defaultConfigurationName = Release;
		};
		1878688D2ECE3E68004717DC /* Build configuration list for PBXNativeTarget "project-postureUITests" */ = {
			isa = XCConfigurationList;
			buildConfigurations = (
				1878688E2ECE3E68004717DC /* Debug */,
				1878688F2ECE3E68004717DC /* Release */,
			);
			defaultConfigurationIsVisible = 0;
			defaultConfigurationName = Release;
		};
/* End XCConfigurationList section */
	};
	rootObject = 1878685C2ECE3E66004717DC /* Project object */;
}
